
Microsoft Visual Studio Solution File, Format Version 12.00
# Visual Studio Version 16
VisualStudioVersion = 16.0.30225.117
MinimumVisualStudioVersion = 10.0.40219.1
Project("{FAE04EC0-301F-11D3-BF4B-00C04F79EFBC}") = "MOBILE WEB APP", "MOBILE WEB APP\MOBILE WEB APP.csproj", "{D4CAC064-D27E-419F-8959-7647569BE765}"
EndProject
Global
	GlobalSection(SolutionConfigurationPlatforms) = preSolution
		Debug|Any CPU = Debug|Any CPU
		Release|Any CPU = Release|Any CPU
	EndGlobalSection
	GlobalSection(ProjectConfigurationPlatforms) = postSolution
		{D4CAC064-D27E-419F-8959-7647569BE765}.Debug|Any CPU.ActiveCfg = Debug|Any CPU
		{D4CAC064-D27E-419F-8959-7647569BE765}.Debug|Any CPU.Build.0 = Debug|Any CPU
		{D4CAC064-D27E-419F-8959-7647569BE765}.Release|Any CPU.ActiveCfg = Release|Any CPU
		{D4CAC064-D27E-419F-8959-7647569BE765}.Release|Any CPU.Build.0 = Release|Any CPU
	EndGlobalSection
	GlobalSection(SolutionProperties) = preSolution
		HideSolutionNode = FALSE
	EndGlobalSection
	GlobalSection(ExtensibilityGlobals) = postSolution
		SolutionGuid = {29C5BF67-39BF-486B-AC05-853BBDFED7EA}
	EndGlobalSection
EndGlobal
